
Microsoft Visual Studio Solution File, Format Version 12.00
# Visual Studio Version 16
VisualStudioVersion = 16.0.31829.152
MinimumVisualStudioVersion = 10.0.40219.1
Project("{9A19103F-16F7-4668-BE54-9A1E7A4F7556}") = "CalculatorApp", "ZadanieApp\CalculatorApp.csproj", "{92925920-43DA-434C-B8BB-E3DBEF9E0D2E}"
EndProject
Project("{9A19103F-16F7-4668-BE54-9A1E7A4F7556}") = "SquareClassLibrary", "AreaClassLibrary\SquareClassLibrary.csproj", "{3D990674-0CF8-448D-B34B-A29E072447B5}"
EndProject
Project("{FAE04EC0-301F-11D3-BF4B-00C04F79EFBC}") = "UnitTests", "UnitTests\UnitTests.csproj", "{0A3B8FBC-3FA3-463E-B2E9-B204F816A932}"
EndProject
Project("{2150E333-8FDC-42A3-9474-1A3956D46DE8}") = "Task items", "Task items", "{33758227-2AC2-4BC1-A4F8-0F17FFB63B5F}"
	ProjectSection(SolutionItems) = preProject
		ProductsQuery.sql = ProductsQuery.sql
		TestData.sql = TestData.sql
	EndProjectSection
EndProject
Global
	GlobalSection(SolutionConfigurationPlatforms) = preSolution
		Debug|Any CPU = Debug|Any CPU
		Release|Any CPU = Release|Any CPU
	EndGlobalSection
	GlobalSection(ProjectConfigurationPlatforms) = postSolution
		{92925920-43DA-434C-B8BB-E3DBEF9E0D2E}.Debug|Any CPU.ActiveCfg = Debug|Any CPU
		{92925920-43DA-434C-B8BB-E3DBEF9E0D2E}.Debug|Any CPU.Build.0 = Debug|Any CPU
		{92925920-43DA-434C-B8BB-E3DBEF9E0D2E}.Release|Any CPU.ActiveCfg = Release|Any CPU
		{92925920-43DA-434C-B8BB-E3DBEF9E0D2E}.Release|Any CPU.Build.0 = Release|Any CPU
		{3D990674-0CF8-448D-B34B-A29E072447B5}.Debug|Any CPU.ActiveCfg = Debug|Any CPU
		{3D990674-0CF8-448D-B34B-A29E072447B5}.Debug|Any CPU.Build.0 = Debug|Any CPU
		{3D990674-0CF8-448D-B34B-A29E072447B5}.Release|Any CPU.ActiveCfg = Release|Any CPU
		{3D990674-0CF8-448D-B34B-A29E072447B5}.Release|Any CPU.Build.0 = Release|Any CPU
		{0A3B8FBC-3FA3-463E-B2E9-B204F816A932}.Debug|Any CPU.ActiveCfg = Debug|Any CPU
		{0A3B8FBC-3FA3-463E-B2E9-B204F816A932}.Debug|Any CPU.Build.0 = Debug|Any CPU
		{0A3B8FBC-3FA3-463E-B2E9-B204F816A932}.Release|Any CPU.ActiveCfg = Release|Any CPU
		{0A3B8FBC-3FA3-463E-B2E9-B204F816A932}.Release|Any CPU.Build.0 = Release|Any CPU
	EndGlobalSection
	GlobalSection(SolutionProperties) = preSolution
		HideSolutionNode = FALSE
	EndGlobalSection
	GlobalSection(ExtensibilityGlobals) = postSolution
		SolutionGuid = {2830A146-B03A-493E-8FFF-AA2E19DC2C61}
	EndGlobalSection
EndGlobal
